
Microsoft Visual Studio Solution File, Format Version 12.00
# Visual Studio Version 17
VisualStudioVersion = 17.4.33205.214
MinimumVisualStudioVersion = 10.0.40219.1
Project("{FAE04EC0-301F-11D3-BF4B-00C04F79EFBC}") = "New Recognition", "New Recognition\New Recognition.csproj", "{82B53228-24C1-43FD-AE3D-912036FAF603}"
EndProject
Global
	GlobalSection(SolutionConfigurationPlatforms) = preSolution
		Debug|Any CPU = Debug|Any CPU
		Release|Any CPU = Release|Any CPU
	EndGlobalSection
	GlobalSection(ProjectConfigurationPlatforms) = postSolution
		{82B53228-24C1-43FD-AE3D-912036FAF603}.Debug|Any CPU.ActiveCfg = Debug|Any CPU
		{82B53228-24C1-43FD-AE3D-912036FAF603}.Debug|Any CPU.Build.0 = Debug|Any CPU
		{82B53228-24C1-43FD-AE3D-912036FAF603}.Release|Any CPU.ActiveCfg = Release|Any CPU
		{82B53228-24C1-43FD-AE3D-912036FAF603}.Release|Any CPU.Build.0 = Release|Any CPU
	EndGlobalSection
	GlobalSection(SolutionProperties) = preSolution
		HideSolutionNode = FALSE
	EndGlobalSection
	GlobalSection(ExtensibilityGlobals) = postSolution
		SolutionGuid = {4A428895-E1BC-4316-AC61-10600DC509D7}
	EndGlobalSection
EndGlobal
